github.com/kaz-under-the-bridge/sysdig-vuls-utils v0.0.0-20251002120635-7d8c9fc9ed65 h1:ri8ux9zqoyIL6qhY4CxIdRPRC7Bu0FENTGgEzsnhXsU=
github.com/kaz-under-the-bridge/sysdig-vuls-utils v0.0.0-20251002120635-7d8c9fc9ed65/go.mod h1:QsQcCkYxfAUUsZG1FRgr5purqri8iL560f6E3Y0iucY=
github.com/mattn/go-sqlite3 v1.14.52 h1:wVbm2Qnf4OXkqhBTSPuCRZDRnxfbVrrmiCEroVdog8U=
github.com/mattn/go-sqlite3 v1.14.52/go.mod h1:6JTjA44L93a0QCyJef5YvlPoKXntQPjzWv5gtm9sB6w=
